
Microsoft Visual Studio Solution File, Format Version 9.00
# Visual Studio 2005
Project("{8BC9CEB8-8B4A-11D0-8D11-00A0C91BC942}") = "GettSerialClient", "GettSerialClient.vcproj", "{767C52AD-E9E6-4971-A8C3-6D2FCCE1C3FF}"
EndProject
Global
	GlobalSection(SolutionConfigurationPlatforms) = preSolution
		Release|Win32 = Release|Win32
	EndGlobalSection
	GlobalSection(ProjectConfigurationPlatforms) = postSolution
		{767C52AD-E9E6-4971-A8C3-6D2FCCE1C3FF}.Release|Win32.ActiveCfg = Release|Win32
		{767C52AD-E9E6-4971-A8C3-6D2FCCE1C3FF}.Release|Win32.Build.0 = Release|Win32
	EndGlobalSection
	GlobalSection(SolutionProperties) = preSolution
		HideSolutionNode = FALSE
	EndGlobalSection
EndGlobal
